
Microsoft Visual Studio Solution File, Format Version 12.00
# Visual Studio 2013
VisualStudioVersion = 12.0.30723.0
MinimumVisualStudioVersion = 10.0.40219.1
Project("{2150E333-8FDC-42A3-9474-1A3956D46DE8}") = "0.. Primer", "0.. Primer", "{9C47181E-24BF-47F0-9B64-43CFE6DC7581}"
EndProject
Project("{2150E333-8FDC-42A3-9474-1A3956D46DE8}") = "1.. AST", "1.. AST", "{66161D37-579A-45D5-8781-04ECE78BFC5B}"
EndProject
Project("{2150E333-8FDC-42A3-9474-1A3956D46DE8}") = "2.. Interpreter", "2.. Interpreter", "{4D73FD58-4DFB-4028-BC97-AC249D1C5472}"
EndProject
Project("{2150E333-8FDC-42A3-9474-1A3956D46DE8}") = "4.. Parser", "4.. Parser", "{43A0AABC-FD02-470B-96BA-56892E517F94}"
EndProject
Project("{2150E333-8FDC-42A3-9474-1A3956D46DE8}") = "5.. Compile to JS", "5.. Compile to JS", "{85722D3F-038C-4639-B111-0A254D771DE1}"
EndProject
Project("{2150E333-8FDC-42A3-9474-1A3956D46DE8}") = "6.. Compile to IL", "6.. Compile to IL", "{8F8C34C3-A1D7-4ADF-A145-C78294703055}"
EndProject
Project("{2150E333-8FDC-42A3-9474-1A3956D46DE8}") = "a) Canvas", "a) Canvas", "{91D1FD5E-DE34-4679-B4E1-D6E20EF5B27A}"
EndProject
Project("{2150E333-8FDC-42A3-9474-1A3956D46DE8}") = "b) Procedures", "b) Procedures", "{DD3CC111-7A91-4DC6-99BF-D2AD903D42DC}"
EndProject
Project("{F2A71F9B-5D33-465A-A702-920D77279786}") = "TurtleCanvas", "ToJS\TurtleCanvas\TurtleCanvas.fsproj", "{8E0151C5-D3E0-436A-BE99-009AAE83FCDD}"
EndProject
Project("{2150E333-8FDC-42A3-9474-1A3956D46DE8}") = "b) Graphics", "b) Graphics", "{2789E814-0979-492A-B782-A306FEA16D15}"
EndProject
Project("{2150E333-8FDC-42A3-9474-1A3956D46DE8}") = "3.. Internal DSL", "3.. Internal DSL", "{9C78E305-F11C-4183-B6A0-EF2819785009}"
EndProject
Project("{2150E333-8FDC-42A3-9474-1A3956D46DE8}") = "a) Library", "a) Library", "{6CD423C1-09EB-42C6-9421-5F23D75C5F5E}"
EndProject
Project("{FAE04EC0-301F-11D3-BF4B-00C04F79EFBC}") = "TurtleLibrary", "ToIL\TurtleLibrary\TurtleLibrary.csproj", "{012152C0-4DE0-4D49-977D-C5B5D04F6C1F}"
EndProject
Project("{F2A71F9B-5D33-465A-A702-920D77279786}") = "TurtleGraphics", "ToIL\TurtleGraphics\TurtleGraphics.fsproj", "{A558A2E3-CED1-49AA-B0E8-4B155D465610}"
EndProject
Project("{F2A71F9B-5D33-465A-A702-920D77279786}") = "TurtleProcs", "ToJS\TurtleProcs\TurtleProcs.fsproj", "{ABAA9050-2FB7-43FE-8A7F-3FD61FFA2F25}"
EndProject
Project("{2150E333-8FDC-42A3-9474-1A3956D46DE8}") = "a) FParsec Tutorial", "a) FParsec Tutorial", "{26039D76-6151-45AD-B225-76BBA16020E6}"
EndProject
Project("{F2A71F9B-5D33-465A-A702-920D77279786}") = "TurtleAST", "AST\TurtleAST\TurtleAST.fsproj", "{A3B9A2AE-CFC0-4081-8A99-AF594681DFB8}"
EndProject
Project("{F2A71F9B-5D33-465A-A702-920D77279786}") = "FParsecTutorial", "Primer\FParsecTutorial\FParsecTutorial.fsproj", "{DD147FD1-F099-48AE-A4F8-F7A39F258F74}"
EndProject
Project("{2150E333-8FDC-42A3-9474-1A3956D46DE8}") = "b) FParsec Calculator", "b) FParsec Calculator", "{8ED72502-3D2D-4398-9A24-1F0E44A700CC}"
EndProject
Project("{F2A71F9B-5D33-465A-A702-920D77279786}") = "FParsecCalculator", "Primer\FParsecCalculator\FParsecCalculator.fsproj", "{EC3601E0-131A-478B-96EB-1057F1A42CE2}"
EndProject
Project("{F2A71F9B-5D33-465A-A702-920D77279786}") = "TurtleTutorial", "Parser\TurtleTutorial\TurtleTutorial.fsproj", "{258906D0-8782-4BDC-B134-55C7FF0E4D03}"
EndProject
Project("{2150E333-8FDC-42A3-9474-1A3956D46DE8}") = "a) Turtle Tutorial", "a) Turtle Tutorial", "{1FA45043-75D3-4EC4-BA1D-DB0ECF297983}"
EndProject
Project("{2150E333-8FDC-42A3-9474-1A3956D46DE8}") = "b) Turtle Repeat", "b) Turtle Repeat", "{0E67F6A6-7CC1-4E6B-AC6B-84F85C224296}"
EndProject
Project("{F2A71F9B-5D33-465A-A702-920D77279786}") = "Turtle Repeat", "Parser\Turtle Repeat\Turtle Repeat.fsproj", "{805F534E-338D-4BCD-B31F-D461785133A1}"
EndProject
Project("{2150E333-8FDC-42A3-9474-1A3956D46DE8}") = "c) Turtle Procedures", "c) Turtle Procedures", "{91BF770D-C062-4D2D-8E28-389FA2F380B9}"
EndProject
Project("{F2A71F9B-5D33-465A-A702-920D77279786}") = "TurtleProc", "Parser\TurtleProc\TurtleProc.fsproj", "{8B1FE022-1760-4B8D-8FA4-012F95744EE1}"
EndProject
Project("{2150E333-8FDC-42A3-9474-1A3956D46DE8}") = "d) Turtle Expressions", "d) Turtle Expressions", "{43C47892-9081-47DE-9CC9-896E35D51C40}"
EndProject
Project("{F2A71F9B-5D33-465A-A702-920D77279786}") = "TurtleExpressions", "Parser\TurtleExpressions\TurtleExpressions.fsproj", "{74F55A42-E314-4F12-AA7A-8384ED92E6D0}"
EndProject
Project("{2150E333-8FDC-42A3-9474-1A3956D46DE8}") = "c) Expressions", "c) Expressions", "{EA6DCF3F-C425-4758-B8A2-319932E93056}"
EndProject
Project("{F2A71F9B-5D33-465A-A702-920D77279786}") = "TurtleExpressions", "ToJS\TurtleExpressions\TurtleExpressions.fsproj", "{813BBBB1-D1E6-4835-9D12-FC6341A60B82}"
EndProject
Project("{2150E333-8FDC-42A3-9474-1A3956D46DE8}") = "c) FSharp to Java", "c) FSharp to Java", "{67865DA0-0C90-441E-AE9B-73D641E811F4}"
EndProject
Project("{2150E333-8FDC-42A3-9474-1A3956D46DE8}") = "d) FSharp to IL", "d) FSharp to IL", "{BAA0DC79-5E4A-404D-B1AC-CBC96F31CC5E}"
EndProject
Project("{F2A71F9B-5D33-465A-A702-920D77279786}") = "FSharpToJava", "Primer\FSharpToJava\FSharpToJava.fsproj", "{CAB7796C-FDBC-4EAD-B3FF-0481A4275525}"
EndProject
Project("{F2A71F9B-5D33-465A-A702-920D77279786}") = "TurtleDSL", "InternalDSL\TurtleDSL\TurtleDSL.fsproj", "{35AABD63-30C0-4CDC-A0AF-764BA76AFD60}"
EndProject
Project("{F2A71F9B-5D33-465A-A702-920D77279786}") = "FSharpToIL", "Primer\FSharpToIL\FSharpToIL.fsproj", "{976AE82B-BD0F-4DFD-B54B-0A913B5BA592}"
EndProject
Project("{F2A71F9B-5D33-465A-A702-920D77279786}") = "TurtleInterpreter", "Interpreter\TurtleInterpreter\TurtleInterpreter.fsproj", "{20D98EA7-32BD-4B34-AF96-A0FBA7E05571}"
EndProject
Project("{2150E333-8FDC-42A3-9474-1A3956D46DE8}") = "9.. Small Basic", "9.. Small Basic", "{E9ABA0E3-DB1B-4027-8493-57FD13D2A049}"
EndProject
Project("{2150E333-8FDC-42A3-9474-1A3956D46DE8}") = "a) Interpreter", "a) Interpreter", "{957FDB8F-DB8F-4981-99D8-1CB6BF179932}"
EndProject
Project("{2150E333-8FDC-42A3-9474-1A3956D46DE8}") = "b) Parser", "b) Parser", "{7994DE9C-89C7-43D8-953F-5E91687F6731}"
EndProject
Project("{2150E333-8FDC-42A3-9474-1A3956D46DE8}") = "c) Compiler", "c) Compiler", "{74D3AFA1-A206-4F8F-AA9F-F34BCBD6C1CF}"
EndProject
Project("{F2A71F9B-5D33-465A-A702-920D77279786}") = "SmallBasicInterpreter", "SmallBasic\SmallBasicInterpreter\SmallBasicInterpreter.fsproj", "{1AEAC965-3F8B-488F-9C81-1F88ED6DEE0F}"
EndProject
Project("{F2A71F9B-5D33-465A-A702-920D77279786}") = "SmallBasicParser", "SmallBasic\SmallBasicParser\SmallBasicParser.fsproj", "{B88B02D6-7DE3-4865-9C36-709D498526C6}"
EndProject
Project("{F2A71F9B-5D33-465A-A702-920D77279786}") = "SmallBasicCompiler", "SmallBasic\SmallBasicCompiler\SmallBasicCompiler.fsproj", "{03AE0B4E-A83B-4A0F-A364-9F0B54B3D7C7}"
EndProject
Global
	GlobalSection(SolutionConfigurationPlatforms) = preSolution
		Debug|Any CPU = Debug|Any CPU
		Release|Any CPU = Release|Any CPU
	EndGlobalSection
	GlobalSection(ProjectConfigurationPlatforms) = postSolution
		{8E0151C5-D3E0-436A-BE99-009AAE83FCDD}.Debug|Any CPU.ActiveCfg = Debug|Any CPU
		{8E0151C5-D3E0-436A-BE99-009AAE83FCDD}.Debug|Any CPU.Build.0 = Debug|Any CPU
		{8E0151C5-D3E0-436A-BE99-009AAE83FCDD}.Release|Any CPU.ActiveCfg = Release|Any CPU
		{8E0151C5-D3E0-436A-BE99-009AAE83FCDD}.Release|Any CPU.Build.0 = Release|Any CPU
		{012152C0-4DE0-4D49-977D-C5B5D04F6C1F}.Debug|Any CPU.ActiveCfg = Debug|Any CPU
		{012152C0-4DE0-4D49-977D-C5B5D04F6C1F}.Debug|Any CPU.Build.0 = Debug|Any CPU
		{012152C0-4DE0-4D49-977D-C5B5D04F6C1F}.Release|Any CPU.ActiveCfg = Release|Any CPU
		{012152C0-4DE0-4D49-977D-C5B5D04F6C1F}.Release|Any CPU.Build.0 = Release|Any CPU
		{A558A2E3-CED1-49AA-B0E8-4B155D465610}.Debug|Any CPU.ActiveCfg = Debug|Any CPU
		{A558A2E3-CED1-49AA-B0E8-4B155D465610}.Debug|Any CPU.Build.0 = Debug|Any CPU
		{A558A2E3-CED1-49AA-B0E8-4B155D465610}.Release|Any CPU.ActiveCfg = Release|Any CPU
		{A558A2E3-CED1-49AA-B0E8-4B155D465610}.Release|Any CPU.Build.0 = Release|Any CPU
		{ABAA9050-2FB7-43FE-8A7F-3FD61FFA2F25}.Debug|Any CPU.ActiveCfg = Debug|Any CPU
		{ABAA9050-2FB7-43FE-8A7F-3FD61FFA2F25}.Debug|Any CPU.Build.0 = Debug|Any CPU
		{ABAA9050-2FB7-43FE-8A7F-3FD61FFA2F25}.Release|Any CPU.ActiveCfg = Release|Any CPU
		{ABAA9050-2FB7-43FE-8A7F-3FD61FFA2F25}.Release|Any CPU.Build.0 = Release|Any CPU
		{A3B9A2AE-CFC0-4081-8A99-AF594681DFB8}.Debug|Any CPU.ActiveCfg = Debug|Any CPU
		{A3B9A2AE-CFC0-4081-8A99-AF594681DFB8}.Debug|Any CPU.Build.0 = Debug|Any CPU
		{A3B9A2AE-CFC0-4081-8A99-AF594681DFB8}.Release|Any CPU.ActiveCfg = Release|Any CPU
		{A3B9A2AE-CFC0-4081-8A99-AF594681DFB8}.Release|Any CPU.Build.0 = Release|Any CPU
		{DD147FD1-F099-48AE-A4F8-F7A39F258F74}.Debug|Any CPU.ActiveCfg = Debug|Any CPU
		{DD147FD1-F099-48AE-A4F8-F7A39F258F74}.Debug|Any CPU.Build.0 = Debug|Any CPU
		{DD147FD1-F099-48AE-A4F8-F7A39F258F74}.Release|Any CPU.ActiveCfg = Release|Any CPU
		{DD147FD1-F099-48AE-A4F8-F7A39F258F74}.Release|Any CPU.Build.0 = Release|Any CPU
		{EC3601E0-131A-478B-96EB-1057F1A42CE2}.Debug|Any CPU.ActiveCfg = Debug|Any CPU
		{EC3601E0-131A-478B-96EB-1057F1A42CE2}.Debug|Any CPU.Build.0 = Debug|Any CPU
		{EC3601E0-131A-478B-96EB-1057F1A42CE2}.Release|Any CPU.ActiveCfg = Release|Any CPU
		{EC3601E0-131A-478B-96EB-1057F1A42CE2}.Release|Any CPU.Build.0 = Release|Any CPU
		{258906D0-8782-4BDC-B134-55C7FF0E4D03}.Debug|Any CPU.ActiveCfg = Debug|Any CPU
		{258906D0-8782-4BDC-B134-55C7FF0E4D03}.Debug|Any CPU.Build.0 = Debug|Any CPU
		{258906D0-8782-4BDC-B134-55C7FF0E4D03}.Release|Any CPU.ActiveCfg = Release|Any CPU
		{258906D0-8782-4BDC-B134-55C7FF0E4D03}.Release|Any CPU.Build.0 = Release|Any CPU
		{805F534E-338D-4BCD-B31F-D461785133A1}.Debug|Any CPU.ActiveCfg = Debug|Any CPU
		{805F534E-338D-4BCD-B31F-D461785133A1}.Debug|Any CPU.Build.0 = Debug|Any CPU
		{805F534E-338D-4BCD-B31F-D461785133A1}.Release|Any CPU.ActiveCfg = Release|Any CPU
		{805F534E-338D-4BCD-B31F-D461785133A1}.Release|Any CPU.Build.0 = Release|Any CPU
		{8B1FE022-1760-4B8D-8FA4-012F95744EE1}.Debug|Any CPU.ActiveCfg = Debug|Any CPU
		{8B1FE022-1760-4B8D-8FA4-012F95744EE1}.Debug|Any CPU.Build.0 = Debug|Any CPU
		{8B1FE022-1760-4B8D-8FA4-012F95744EE1}.Release|Any CPU.ActiveCfg = Release|Any CPU
		{8B1FE022-1760-4B8D-8FA4-012F95744EE1}.Release|Any CPU.Build.0 = Release|Any CPU
		{74F55A42-E314-4F12-AA7A-8384ED92E6D0}.Debug|Any CPU.ActiveCfg = Debug|Any CPU
		{74F55A42-E314-4F12-AA7A-8384ED92E6D0}.Debug|Any CPU.Build.0 = Debug|Any CPU
		{74F55A42-E314-4F12-AA7A-8384ED92E6D0}.Release|Any CPU.ActiveCfg = Release|Any CPU
		{74F55A42-E314-4F12-AA7A-8384ED92E6D0}.Release|Any CPU.Build.0 = Release|Any CPU
		{813BBBB1-D1E6-4835-9D12-FC6341A60B82}.Debug|Any CPU.ActiveCfg = Debug|Any CPU
		{813BBBB1-D1E6-4835-9D12-FC6341A60B82}.Debug|Any CPU.Build.0 = Debug|Any CPU
		{813BBBB1-D1E6-4835-9D12-FC6341A60B82}.Release|Any CPU.ActiveCfg = Release|Any CPU
		{813BBBB1-D1E6-4835-9D12-FC6341A60B82}.Release|Any CPU.Build.0 = Release|Any CPU
		{CAB7796C-FDBC-4EAD-B3FF-0481A4275525}.Debug|Any CPU.ActiveCfg = Debug|Any CPU
		{CAB7796C-FDBC-4EAD-B3FF-0481A4275525}.Debug|Any CPU.Build.0 = Debug|Any CPU
		{CAB7796C-FDBC-4EAD-B3FF-0481A4275525}.Release|Any CPU.ActiveCfg = Release|Any CPU
		{CAB7796C-FDBC-4EAD-B3FF-0481A4275525}.Release|Any CPU.Build.0 = Release|Any CPU
		{35AABD63-30C0-4CDC-A0AF-764BA76AFD60}.Debug|Any CPU.ActiveCfg = Debug|Any CPU
		{35AABD63-30C0-4CDC-A0AF-764BA76AFD60}.Debug|Any CPU.Build.0 = Debug|Any CPU
		{35AABD63-30C0-4CDC-A0AF-764BA76AFD60}.Release|Any CPU.ActiveCfg = Release|Any CPU
		{35AABD63-30C0-4CDC-A0AF-764BA76AFD60}.Release|Any CPU.Build.0 = Release|Any CPU
		{976AE82B-BD0F-4DFD-B54B-0A913B5BA592}.Debug|Any CPU.ActiveCfg = Debug|Any CPU
		{976AE82B-BD0F-4DFD-B54B-0A913B5BA592}.Debug|Any CPU.Build.0 = Debug|Any CPU
		{976AE82B-BD0F-4DFD-B54B-0A913B5BA592}.Release|Any CPU.ActiveCfg = Release|Any CPU
		{976AE82B-BD0F-4DFD-B54B-0A913B5BA592}.Release|Any CPU.Build.0 = Release|Any CPU
		{20D98EA7-32BD-4B34-AF96-A0FBA7E05571}.Debug|Any CPU.ActiveCfg = Debug|Any CPU
		{20D98EA7-32BD-4B34-AF96-A0FBA7E05571}.Debug|Any CPU.Build.0 = Debug|Any CPU
		{20D98EA7-32BD-4B34-AF96-A0FBA7E05571}.Release|Any CPU.ActiveCfg = Release|Any CPU
		{20D98EA7-32BD-4B34-AF96-A0FBA7E05571}.Release|Any CPU.Build.0 = Release|Any CPU
		{1AEAC965-3F8B-488F-9C81-1F88ED6DEE0F}.Debug|Any CPU.ActiveCfg = Debug|Any CPU
		{1AEAC965-3F8B-488F-9C81-1F88ED6DEE0F}.Debug|Any CPU.Build.0 = Debug|Any CPU
		{1AEAC965-3F8B-488F-9C81-1F88ED6DEE0F}.Release|Any CPU.ActiveCfg = Release|Any CPU
		{1AEAC965-3F8B-488F-9C81-1F88ED6DEE0F}.Release|Any CPU.Build.0 = Release|Any CPU
		{B88B02D6-7DE3-4865-9C36-709D498526C6}.Debug|Any CPU.ActiveCfg = Debug|Any CPU
		{B88B02D6-7DE3-4865-9C36-709D498526C6}.Debug|Any CPU.Build.0 = Debug|Any CPU
		{B88B02D6-7DE3-4865-9C36-709D498526C6}.Release|Any CPU.ActiveCfg = Release|Any CPU
		{B88B02D6-7DE3-4865-9C36-709D498526C6}.Release|Any CPU.Build.0 = Release|Any CPU
		{03AE0B4E-A83B-4A0F-A364-9F0B54B3D7C7}.Debug|Any CPU.ActiveCfg = Debug|Any CPU
		{03AE0B4E-A83B-4A0F-A364-9F0B54B3D7C7}.Debug|Any CPU.Build.0 = Debug|Any CPU
		{03AE0B4E-A83B-4A0F-A364-9F0B54B3D7C7}.Release|Any CPU.ActiveCfg = Release|Any CPU
		{03AE0B4E-A83B-4A0F-A364-9F0B54B3D7C7}.Release|Any CPU.Build.0 = Release|Any CPU
	EndGlobalSection
	GlobalSection(SolutionProperties) = preSolution
		HideSolutionNode = FALSE
	EndGlobalSection
	GlobalSection(NestedProjects) = preSolution
		{91D1FD5E-DE34-4679-B4E1-D6E20EF5B27A} = {85722D3F-038C-4639-B111-0A254D771DE1}
		{DD3CC111-7A91-4DC6-99BF-D2AD903D42DC} = {85722D3F-038C-4639-B111-0A254D771DE1}
		{8E0151C5-D3E0-436A-BE99-009AAE83FCDD} = {91D1FD5E-DE34-4679-B4E1-D6E20EF5B27A}
		{2789E814-0979-492A-B782-A306FEA16D15} = {8F8C34C3-A1D7-4ADF-A145-C78294703055}
		{6CD423C1-09EB-42C6-9421-5F23D75C5F5E} = {8F8C34C3-A1D7-4ADF-A145-C78294703055}
		{012152C0-4DE0-4D49-977D-C5B5D04F6C1F} = {6CD423C1-09EB-42C6-9421-5F23D75C5F5E}
		{A558A2E3-CED1-49AA-B0E8-4B155D465610} = {2789E814-0979-492A-B782-A306FEA16D15}
		{ABAA9050-2FB7-43FE-8A7F-3FD61FFA2F25} = {DD3CC111-7A91-4DC6-99BF-D2AD903D42DC}
		{26039D76-6151-45AD-B225-76BBA16020E6} = {9C47181E-24BF-47F0-9B64-43CFE6DC7581}
		{A3B9A2AE-CFC0-4081-8A99-AF594681DFB8} = {66161D37-579A-45D5-8781-04ECE78BFC5B}
		{DD147FD1-F099-48AE-A4F8-F7A39F258F74} = {26039D76-6151-45AD-B225-76BBA16020E6}
		{8ED72502-3D2D-4398-9A24-1F0E44A700CC} = {9C47181E-24BF-47F0-9B64-43CFE6DC7581}
		{EC3601E0-131A-478B-96EB-1057F1A42CE2} = {8ED72502-3D2D-4398-9A24-1F0E44A700CC}
		{258906D0-8782-4BDC-B134-55C7FF0E4D03} = {1FA45043-75D3-4EC4-BA1D-DB0ECF297983}
		{1FA45043-75D3-4EC4-BA1D-DB0ECF297983} = {43A0AABC-FD02-470B-96BA-56892E517F94}
		{0E67F6A6-7CC1-4E6B-AC6B-84F85C224296} = {43A0AABC-FD02-470B-96BA-56892E517F94}
		{805F534E-338D-4BCD-B31F-D461785133A1} = {0E67F6A6-7CC1-4E6B-AC6B-84F85C224296}
		{91BF770D-C062-4D2D-8E28-389FA2F380B9} = {43A0AABC-FD02-470B-96BA-56892E517F94}
		{8B1FE022-1760-4B8D-8FA4-012F95744EE1} = {91BF770D-C062-4D2D-8E28-389FA2F380B9}
		{43C47892-9081-47DE-9CC9-896E35D51C40} = {43A0AABC-FD02-470B-96BA-56892E517F94}
		{74F55A42-E314-4F12-AA7A-8384ED92E6D0} = {43C47892-9081-47DE-9CC9-896E35D51C40}
		{EA6DCF3F-C425-4758-B8A2-319932E93056} = {85722D3F-038C-4639-B111-0A254D771DE1}
		{813BBBB1-D1E6-4835-9D12-FC6341A60B82} = {EA6DCF3F-C425-4758-B8A2-319932E93056}
		{67865DA0-0C90-441E-AE9B-73D641E811F4} = {9C47181E-24BF-47F0-9B64-43CFE6DC7581}
		{BAA0DC79-5E4A-404D-B1AC-CBC96F31CC5E} = {9C47181E-24BF-47F0-9B64-43CFE6DC7581}
		{CAB7796C-FDBC-4EAD-B3FF-0481A4275525} = {67865DA0-0C90-441E-AE9B-73D641E811F4}
		{35AABD63-30C0-4CDC-A0AF-764BA76AFD60} = {9C78E305-F11C-4183-B6A0-EF2819785009}
		{976AE82B-BD0F-4DFD-B54B-0A913B5BA592} = {BAA0DC79-5E4A-404D-B1AC-CBC96F31CC5E}
		{20D98EA7-32BD-4B34-AF96-A0FBA7E05571} = {4D73FD58-4DFB-4028-BC97-AC249D1C5472}
		{957FDB8F-DB8F-4981-99D8-1CB6BF179932} = {E9ABA0E3-DB1B-4027-8493-57FD13D2A049}
		{7994DE9C-89C7-43D8-953F-5E91687F6731} = {E9ABA0E3-DB1B-4027-8493-57FD13D2A049}
		{74D3AFA1-A206-4F8F-AA9F-F34BCBD6C1CF} = {E9ABA0E3-DB1B-4027-8493-57FD13D2A049}
		{1AEAC965-3F8B-488F-9C81-1F88ED6DEE0F} = {957FDB8F-DB8F-4981-99D8-1CB6BF179932}
		{B88B02D6-7DE3-4865-9C36-709D498526C6} = {7994DE9C-89C7-43D8-953F-5E91687F6731}
		{03AE0B4E-A83B-4A0F-A364-9F0B54B3D7C7} = {74D3AFA1-A206-4F8F-AA9F-F34BCBD6C1CF}
	EndGlobalSection
EndGlobal
